
Microsoft Visual Studio Solution File, Format Version 12.00
# Visual Studio 2013
VisualStudioVersion = 12.0.31101.0
MinimumVisualStudioVersion = 10.0.40219.1
Project("{FAE04EC0-301F-11D3-BF4B-00C04F79EFBC}") = "ContosoUniversity", "ContosoUniversity\ContosoUniversity.csproj", "{264E21D6-4024-4A53-B1BE-1CD42F3348FE}"
EndProject
Project("{2150E333-8FDC-42A3-9474-1A3956D46DE8}") = ".nuget", ".nuget", "{BA324694-07F7-4D59-868A-AA10BAC225CA}"
EndProject
Project("{FAE04EC0-301F-11D3-BF4B-00C04F79EFBC}") = "ContosoUniversity.DataAccess", "ContosoUniversity.DataAccess\ContosoUniversity.DataAccess.csproj", "{DBE3BD1E-86F2-4C26-B71D-4DD9FD3A500A}"
EndProject
Project("{FAE04EC0-301F-11D3-BF4B-00C04F79EFBC}") = "ContosoUniversity.Entity", "ContosoUniversity.Entity\ContosoUniversity.Entity.csproj", "{152DC489-D7F2-4757-ABF6-E8913EA6575E}"
EndProject
Project("{FAE04EC0-301F-11D3-BF4B-00C04F79EFBC}") = "ContosoUniversity.Configuration", "ContosoUniversity.Configuration\ContosoUniversity.Configuration.csproj", "{CE9D485E-DE0C-4BB1-A610-5131DA5D7A8D}"
EndProject
Global
	GlobalSection(SolutionConfigurationPlatforms) = preSolution
		Debug|Any CPU = Debug|Any CPU
		Release|Any CPU = Release|Any CPU
	EndGlobalSection
	GlobalSection(ProjectConfigurationPlatforms) = postSolution
		{264E21D6-4024-4A53-B1BE-1CD42F3348FE}.Debug|Any CPU.ActiveCfg = Debug|Any CPU
		{264E21D6-4024-4A53-B1BE-1CD42F3348FE}.Debug|Any CPU.Build.0 = Debug|Any CPU
		{264E21D6-4024-4A53-B1BE-1CD42F3348FE}.Release|Any CPU.ActiveCfg = Release|Any CPU
		{264E21D6-4024-4A53-B1BE-1CD42F3348FE}.Release|Any CPU.Build.0 = Release|Any CPU
		{DBE3BD1E-86F2-4C26-B71D-4DD9FD3A500A}.Debug|Any CPU.ActiveCfg = Debug|Any CPU
		{DBE3BD1E-86F2-4C26-B71D-4DD9FD3A500A}.Debug|Any CPU.Build.0 = Debug|Any CPU
		{DBE3BD1E-86F2-4C26-B71D-4DD9FD3A500A}.Release|Any CPU.ActiveCfg = Release|Any CPU
		{DBE3BD1E-86F2-4C26-B71D-4DD9FD3A500A}.Release|Any CPU.Build.0 = Release|Any CPU
		{152DC489-D7F2-4757-ABF6-E8913EA6575E}.Debug|Any CPU.ActiveCfg = Debug|Any CPU
		{152DC489-D7F2-4757-ABF6-E8913EA6575E}.Debug|Any CPU.Build.0 = Debug|Any CPU
		{152DC489-D7F2-4757-ABF6-E8913EA6575E}.Release|Any CPU.ActiveCfg = Release|Any CPU
		{152DC489-D7F2-4757-ABF6-E8913EA6575E}.Release|Any CPU.Build.0 = Release|Any CPU
		{CE9D485E-DE0C-4BB1-A610-5131DA5D7A8D}.Debug|Any CPU.ActiveCfg = Debug|Any CPU
		{CE9D485E-DE0C-4BB1-A610-5131DA5D7A8D}.Debug|Any CPU.Build.0 = Debug|Any CPU
		{CE9D485E-DE0C-4BB1-A610-5131DA5D7A8D}.Release|Any CPU.ActiveCfg = Release|Any CPU
		{CE9D485E-DE0C-4BB1-A610-5131DA5D7A8D}.Release|Any CPU.Build.0 = Release|Any CPU
	EndGlobalSection
	GlobalSection(SolutionProperties) = preSolution
		HideSolutionNode = FALSE
	EndGlobalSection
EndGlobal
